
Microsoft Visual Studio Solution File, Format Version 12.00
# Visual Studio Version 17
VisualStudioVersion = 17.8.34511.84
MinimumVisualStudioVersion = 10.0.40219.1
Project("{FAE04EC0-301F-11D3-BF4B-00C04F79EFBC}") = "PasswordUtils", "PasswordUtils\PasswordUtils.csproj", "{94785EE3-9588-480C-9B2F-A8F82C24FE86}"
EndProject
Project("{FAE04EC0-301F-11D3-BF4B-00C04F79EFBC}") = "PasswordUtils.UnitTests", "PasswordUtils.UnitTests\PasswordUtils.UnitTests.csproj", "{1CDDD9CE-810B-4433-9494-FD5819F0F0FF}"
EndProject
Global
	GlobalSection(SolutionConfigurationPlatforms) = preSolution
		Debug|Any CPU = Debug|Any CPU
		Release|Any CPU = Release|Any CPU
	EndGlobalSection
	GlobalSection(ProjectConfigurationPlatforms) = postSolution
		{94785EE3-9588-480C-9B2F-A8F82C24FE86}.Debug|Any CPU.ActiveCfg = Debug|Any CPU
		{94785EE3-9588-480C-9B2F-A8F82C24FE86}.Debug|Any CPU.Build.0 = Debug|Any CPU
		{94785EE3-9588-480C-9B2F-A8F82C24FE86}.Release|Any CPU.ActiveCfg = Release|Any CPU
		{94785EE3-9588-480C-9B2F-A8F82C24FE86}.Release|Any CPU.Build.0 = Release|Any CPU
		{1CDDD9CE-810B-4433-9494-FD5819F0F0FF}.Debug|Any CPU.ActiveCfg = Debug|Any CPU
		{1CDDD9CE-810B-4433-9494-FD5819F0F0FF}.Debug|Any CPU.Build.0 = Debug|Any CPU
		{1CDDD9CE-810B-4433-9494-FD5819F0F0FF}.Release|Any CPU.ActiveCfg = Release|Any CPU
		{1CDDD9CE-810B-4433-9494-FD5819F0F0FF}.Release|Any CPU.Build.0 = Release|Any CPU
	EndGlobalSection
	GlobalSection(SolutionProperties) = preSolution
		HideSolutionNode = FALSE
	EndGlobalSection
	GlobalSection(ExtensibilityGlobals) = postSolution
		SolutionGuid = {22ACBDFE-7B22-42B3-B7FD-B47C7447B051}
	EndGlobalSection
EndGlobal
